// !$*UTF8*$!
{
	archiveVersion = 1;
	classes = {
	};
	objectVersion = 46;
	objects = {

/* Begin PBXBuildFile section */
		147824A81C20F28B0026E1BE /* DatePickerViewController.swift in Sources */ = {isa = PBXBuildFile; fileRef = 147824A71C20F28B0026E1BE /* DatePickerViewController.swift */; };
		14BBDA9C1C1D986E0084FD35 /* TabViewController.swift in Sources */ = {isa = PBXBuildFile; fileRef = 14BBDA9B1C1D986E0084FD35 /* TabViewController.swift */; };
		14BED2571C18262F00D1CA52 /* WebViewController.swift in Sources */ = {isa = PBXBuildFile; fileRef = 14BED2561C18262F00D1CA52 /* WebViewController.swift */; };
		14E573701C1EC3FD0088ED89 /* FAImageView.m in Sources */ = {isa = PBXBuildFile; fileRef = 14E573681C1EC3FD0088ED89 /* FAImageView.m */; };
		14E573711C1EC3FD0088ED89 /* FontAwesome.ttf in Resources */ = {isa = PBXBuildFile; fileRef = 14E573691C1EC3FD0088ED89 /* FontAwesome.ttf */; };
		14E573721C1EC3FD0088ED89 /* NSString+FontAwesome.m in Sources */ = {isa = PBXBuildFile; fileRef = 14E5736B1C1EC3FD0088ED89 /* NSString+FontAwesome.m */; };
		14E573731C1EC3FD0088ED89 /* UIFont+FontAwesome.m in Sources */ = {isa = PBXBuildFile; fileRef = 14E5736D1C1EC3FD0088ED89 /* UIFont+FontAwesome.m */; };
		14E573741C1EC3FD0088ED89 /* MozTopAlertView.m in Sources */ = {isa = PBXBuildFile; fileRef = 14E5736F1C1EC3FD0088ED89 /* MozTopAlertView.m */; };
		14ECBADE1C1BF41200461BC5 /* IAViewController.swift in Sources */ = {isa = PBXBuildFile; fileRef = 14ECBADD1C1BF41200461BC5 /* IAViewController.swift */; };
		14F7049F1C1B16E60021D464 /* AndroidViewController.swift in Sources */ = {isa = PBXBuildFile; fileRef = 14F7049E1C1B16E60021D464 /* AndroidViewController.swift */; };
		483C1988A0BF087A31A72155 /* libPods.a in Frameworks */ = {isa = PBXBuildFile; fileRef = 5F194161E8CF98DFBA360C6F /* libPods.a */; };
		930779AD1C095F1A00AD773A /* NewsItem.swift in Sources */ = {isa = PBXBuildFile; fileRef = 930779AC1C095F1A00AD773A /* NewsItem.swift */; };
		936B4EE91C08B04900DDECA5 /* AppDelegate.swift in Sources */ = {isa = PBXBuildFile; fileRef = 936B4EE81C08B04900DDECA5 /* AppDelegate.swift */; };
		936B4EEB1C08B04900DDECA5 /* TodayViewController.swift in Sources */ = {isa = PBXBuildFile; fileRef = 936B4EEA1C08B04900DDECA5 /* TodayViewController.swift */; };
		936B4EEE1C08B04900DDECA5 /* Main.storyboard in Resources */ = {isa = PBXBuildFile; fileRef = 936B4EEC1C08B04900DDECA5 /* Main.storyboard */; };
		936B4EF11C08B04900DDECA5 /* Gank.xcdatamodeld in Sources */ = {isa = PBXBuildFile; fileRef = 936B4EEF1C08B04900DDECA5 /* Gank.xcdatamodeld */; };
		936B4EF31C08B04900DDECA5 /* Assets.xcassets in Resources */ = {isa = PBXBuildFile; fileRef = 936B4EF21C08B04900DDECA5 /* Assets.xcassets */; };
		936B4EF61C08B04900DDECA5 /* LaunchScreen.storyboard in Resources */ = {isa = PBXBuildFile; fileRef = 936B4EF41C08B04900DDECA5 /* LaunchScreen.storyboard */; };
		936B4F011C08B04900DDECA5 /* GankTests.swift in Sources */ = {isa = PBXBuildFile; fileRef = 936B4F001C08B04900DDECA5 /* GankTests.swift */; };
		936B4F0C1C08B04900DDECA5 /* GankUITests.swift in Sources */ = {isa = PBXBuildFile; fileRef = 936B4F0B1C08B04900DDECA5 /* GankUITests.swift */; };
		9389A13E1C095440007B2A9D /* IOSViewController.swift in Sources */ = {isa = PBXBuildFile; fileRef = 9389A13C1C095440007B2A9D /* IOSViewController.swift */; };
/* End PBXBuildFile section */

/* Begin PBXContainerItemProxy section */
		936B4EFD1C08B04900DDECA5 /* PBXContainerItemProxy */ = {
			isa = PBXContainerItemProxy;
			containerPortal = 936B4EDD1C08B04900DDECA5 /* Project object */;
			proxyType = 1;
			remoteGlobalIDString = 936B4EE41C08B04900DDECA5;
			remoteInfo = Gank;
		};
		936B4F081C08B04900DDECA5 /* PBXContainerItemProxy */ = {
			isa = PBXContainerItemProxy;
			containerPortal = 936B4EDD1C08B04900DDECA5 /* Project object */;
			proxyType = 1;
			remoteGlobalIDString = 936B4EE41C08B04900DDECA5;
			remoteInfo = Gank;
		};
/* End PBXContainerItemProxy section */

/* Begin PBXFileReference section */
		147824A71C20F28B0026E1BE /* DatePickerViewController.swift */ = {isa = PBXFileReference; fileEncoding = 4; lastKnownFileType = sourcecode.swift; path = DatePickerViewController.swift; sourceTree = "<group>"; };
		14BBDA9B1C1D986E0084FD35 /* TabViewController.swift */ = {isa = PBXFileReference; fileEncoding = 4; lastKnownFileType = sourcecode.swift; path = TabViewController.swift; sourceTree = "<group>"; };
		14BED2561C18262F00D1CA52 /* WebViewController.swift */ = {isa = PBXFileReference; fileEncoding = 4; lastKnownFileType = sourcecode.swift; path = WebViewController.swift; sourceTree = "<group>"; };
		14E573671C1EC3FD0088ED89 /* FAImageView.h */ = {isa = PBXFileReference; fileEncoding = 4; lastKnownFileType = sourcecode.c.h; path = FAImageView.h; sourceTree = "<group>"; };
		14E573681C1EC3FD0088ED89 /* FAImageView.m */ = {isa = PBXFileReference; fileEncoding = 4; lastKnownFileType = sourcecode.c.objc; path = FAImageView.m; sourceTree = "<group>"; };
		14E573691C1EC3FD0088ED89 /* FontAwesome.ttf */ = {isa = PBXFileReference; lastKnownFileType = file; path = FontAwesome.ttf; sourceTree = "<group>"; };
		14E5736A1C1EC3FD0088ED89 /* NSString+FontAwesome.h */ = {isa = PBXFileReference; fileEncoding = 4; lastKnownFileType = sourcecode.c.h; path = "NSString+FontAwesome.h"; sourceTree = "<group>"; };
		14E5736B1C1EC3FD0088ED89 /* NSString+FontAwesome.m */ = {isa = PBXFileReference; fileEncoding = 4; lastKnownFileType = sourcecode.c.objc; path = "NSString+FontAwesome.m"; sourceTree = "<group>"; };
		14E5736C1C1EC3FD0088ED89 /* UIFont+FontAwesome.h */ = {isa = PBXFileReference; fileEncoding = 4; lastKnownFileType = sourcecode.c.h; path = "UIFont+FontAwesome.h"; sourceTree = "<group>"; };
		14E5736D1C1EC3FD0088ED89 /* UIFont+FontAwesome.m */ = {isa = PBXFileReference; fileEncoding = 4; lastKnownFileType = sourcecode.c.objc; path = "UIFont+FontAwesome.m"; sourceTree = "<group>"; };
		14E5736E1C1EC3FD0088ED89 /* MozTopAlertView.h */ = {isa = PBXFileReference; fileEncoding = 4; lastKnownFileType = sourcecode.c.h; path = MozTopAlertView.h; sourceTree = "<group>"; };
		14E5736F1C1EC3FD0088ED89 /* MozTopAlertView.m */ = {isa = PBXFileReference; fileEncoding = 4; lastKnownFileType = sourcecode.c.objc; path = MozTopAlertView.m; sourceTree = "<group>"; };
		14ECBADD1C1BF41200461BC5 /* IAViewController.swift */ = {isa = PBXFileReference; fileEncoding = 4; lastKnownFileType = sourcecode.swift; path = IAViewController.swift; sourceTree = "<group>"; };
		14F7049E1C1B16E60021D464 /* AndroidViewController.swift */ = {isa = PBXFileReference; fileEncoding = 4; lastKnownFileType = sourcecode.swift; path = AndroidViewController.swift; sourceTree = "<group>"; };
		2CCE6B94E647948905706A96 /* Pods.debug.xcconfig */ = {isa = PBXFileReference; includeInIndex = 1; lastKnownFileType = text.xcconfig; name = Pods.debug.xcconfig; path = "Pods/Target Support Files/Pods/Pods.debug.xcconfig"; sourceTree = "<group>"; };
		5F194161E8CF98DFBA360C6F /* libPods.a */ = {isa = PBXFileReference; explicitFileType = archive.ar; includeInIndex = 0; path = libPods.a; sourceTree = BUILT_PRODUCTS_DIR; };
		6702E809F240C92FD2BC0844 /* Pods.release.xcconfig */ = {isa = PBXFileReference; includeInIndex = 1; lastKnownFileType = text.xcconfig; name = Pods.release.xcconfig; path = "Pods/Target Support Files/Pods/Pods.release.xcconfig"; sourceTree = "<group>"; };
		930779AB1C0955FC00AD773A /* Gank-Bridging-Header.h */ = {isa = PBXFileReference; lastKnownFileType = sourcecode.c.h; path = "Gank-Bridging-Header.h"; sourceTree = "<group>"; };
		930779AC1C095F1A00AD773A /* NewsItem.swift */ = {isa = PBXFileReference; fileEncoding = 4; lastKnownFileType = sourcecode.swift; path = NewsItem.swift; sourceTree = "<group>"; };
		936B4EE51C08B04900DDECA5 /* Gank.app */ = {isa = PBXFileReference; explicitFileType = wrapper.application; includeInIndex = 0; path = Gank.app; sourceTree = BUILT_PRODUCTS_DIR; };
		936B4EE81C08B04900DDECA5 /* AppDelegate.swift */ = {isa = PBXFileReference; lastKnownFileType = sourcecode.swift; path = AppDelegate.swift; sourceTree = "<group>"; };
		936B4EEA1C08B04900DDECA5 /* TodayViewController.swift */ = {isa = PBXFileReference; lastKnownFileType = sourcecode.swift; path = TodayViewController.swift; sourceTree = "<group>"; };
		936B4EED1C08B04900DDECA5 /* Base */ = {isa = PBXFileReference; lastKnownFileType = file.storyboard; name = Base; path = Base.lproj/Main.storyboard; sourceTree = "<group>"; };
		936B4EF01C08B04900DDECA5 /* Gank.xcdatamodel */ = {isa = PBXFileReference; lastKnownFileType = wrapper.xcdatamodel; path = Gank.xcdatamodel; sourceTree = "<group>"; };
		936B4EF21C08B04900DDECA5 /* Assets.xcassets */ = {isa = PBXFileReference; lastKnownFileType = folder.assetcatalog; path = Assets.xcassets; sourceTree = "<group>"; };
		936B4EF51C08B04900DDECA5 /* Base */ = {isa = PBXFileReference; lastKnownFileType = file.storyboard; name = Base; path = Base.lproj/LaunchScreen.storyboard; sourceTree = "<group>"; };
		936B4EF71C08B04900DDECA5 /* Info.plist */ = {isa = PBXFileReference; lastKnownFileType = text.plist.xml; path = Info.plist; sourceTree = "<group>"; };
		936B4EFC1C08B04900DDECA5 /* GankTests.xctest */ = {isa = PBXFileReference; explicitFileType = wrapper.cfbundle; includeInIndex = 0; path = GankTests.xctest; sourceTree = BUILT_PRODUCTS_DIR; };
		936B4F001C08B04900DDECA5 /* GankTests.swift */ = {isa = PBXFileReference; lastKnownFileType = sourcecode.swift; path = GankTests.swift; sourceTree = "<group>"; };
		936B4F021C08B04900DDECA5 /* Info.plist */ = {isa = PBXFileReference; lastKnownFileType = text.plist.xml; path = Info.plist; sourceTree = "<group>"; };
		936B4F071C08B04900DDECA5 /* GankUITests.xctest */ = {isa = PBXFileReference; explicitFileType = wrapper.cfbundle; includeInIndex = 0; path = GankUITests.xctest; sourceTree = BUILT_PRODUCTS_DIR; };
		936B4F0B1C08B04900DDECA5 /* GankUITests.swift */ = {isa = PBXFileReference; lastKnownFileType = sourcecode.swift; path = GankUITests.swift; sourceTree = "<group>"; };
		936B4F0D1C08B04900DDECA5 /* Info.plist */ = {isa = PBXFileReference; lastKnownFileType = text.plist.xml; path = Info.plist; sourceTree = "<group>"; };
		9389A13C1C095440007B2A9D /* IOSViewController.swift */ = {isa = PBXFileReference; fileEncoding = 4; lastKnownFileType = sourcecode.swift; path = IOSViewController.swift; sourceTree = "<group>"; };
/* End PBXFileReference section */

/* Begin PBXFrameworksBuildPhase section */
		936B4EE21C08B04900DDECA5 /* Frameworks */ = {
			isa = PBXFrameworksBuildPhase;
			buildActionMask = 2147483647;
			files = (
				483C1988A0BF087A31A72155 /* libPods.a in Frameworks */,
			);
			runOnlyForDeploymentPostprocessing = 0;
		};
		936B4EF91C08B04900DDECA5 /* Frameworks */ = {
			isa = PBXFrameworksBuildPhase;
			buildActionMask = 2147483647;
			files = (
			);
			runOnlyForDeploymentPostprocessing = 0;
		};
		936B4F041C08B04900DDECA5 /* Frameworks */ = {
			isa = PBXFrameworksBuildPhase;
			buildActionMask = 2147483647;
			files = (
			);
			runOnlyForDeploymentPostprocessing = 0;
		};
/* End PBXFrameworksBuildPhase section */

/* Begin PBXGroup section */
		1455528E1C190F9E00857BF4 /* Model */ = {
			isa = PBXGroup;
			children = (
				930779AC1C095F1A00AD773A /* NewsItem.swift */,
			);
			name = Model;
			sourceTree = "<group>";
		};
		1455528F1C190FAE00857BF4 /* ViewController */ = {
			isa = PBXGroup;
			children = (
				936B4EEA1C08B04900DDECA5 /* TodayViewController.swift */,
				14BED2561C18262F00D1CA52 /* WebViewController.swift */,
				9389A13C1C095440007B2A9D /* IOSViewController.swift */,
				14F7049E1C1B16E60021D464 /* AndroidViewController.swift */,
				14BBDA9B1C1D986E0084FD35 /* TabViewController.swift */,
				14ECBADD1C1BF41200461BC5 /* IAViewController.swift */,
				147824A71C20F28B0026E1BE /* DatePickerViewController.swift */,
			);
			name = ViewController;
			sourceTree = "<group>";
		};
		14BED2541C181FD300D1CA52 /* Base */ = {
			isa = PBXGroup;
			children = (
				936B4EF41C08B04900DDECA5 /* LaunchScreen.storyboard */,
				936B4EE81C08B04900DDECA5 /* AppDelegate.swift */,
				930779AB1C0955FC00AD773A /* Gank-Bridging-Header.h */,
				936B4EEF1C08B04900DDECA5 /* Gank.xcdatamodeld */,
				936B4EF71C08B04900DDECA5 /* Info.plist */,
				936B4EF21C08B04900DDECA5 /* Assets.xcassets */,
			);
			name = Base;
			sourceTree = "<group>";
		};
		14E573651C1EC3FD0088ED89 /* TopAlertView */ = {
			isa = PBXGroup;
			children = (
				14E573661C1EC3FD0088ED89 /* fontawesome */,
				14E5736E1C1EC3FD0088ED89 /* MozTopAlertView.h */,
				14E5736F1C1EC3FD0088ED89 /* MozTopAlertView.m */,
			);
			path = TopAlertView;
			sourceTree = SOURCE_ROOT;
		};
		14E573661C1EC3FD0088ED89 /* fontawesome */ = {
			isa = PBXGroup;
			children = (
				14E573671C1EC3FD0088ED89 /* FAImageView.h */,
				14E573681C1EC3FD0088ED89 /* FAImageView.m */,
				14E573691C1EC3FD0088ED89 /* FontAwesome.ttf */,
				14E5736A1C1EC3FD0088ED89 /* NSString+FontAwesome.h */,
				14E5736B1C1EC3FD0088ED89 /* NSString+FontAwesome.m */,
				14E5736C1C1EC3FD0088ED89 /* UIFont+FontAwesome.h */,
				14E5736D1C1EC3FD0088ED89 /* UIFont+FontAwesome.m */,
			);
			path = fontawesome;
			sourceTree = "<group>";
		};
		936B4EDC1C08B04900DDECA5 = {
			isa = PBXGroup;
			children = (
				936B4EE71C08B04900DDECA5 /* Gank */,
				936B4EFF1C08B04900DDECA5 /* GankTests */,
				936B4F0A1C08B04900DDECA5 /* GankUITests */,
				936B4EE61C08B04900DDECA5 /* Products */,
				FADC678EC196CD41A45E867C /* Pods */,
				A00B6550C232E7B72562F369 /* Frameworks */,
			);
			sourceTree = "<group>";
		};
		936B4EE61C08B04900DDECA5 /* Products */ = {
			isa = PBXGroup;
			children = (
				936B4EE51C08B04900DDECA5 /* Gank.app */,
				936B4EFC1C08B04900DDECA5 /* GankTests.xctest */,
				936B4F071C08B04900DDECA5 /* GankUITests.xctest */,
			);
			name = Products;
			sourceTree = "<group>";
		};
		936B4EE71C08B04900DDECA5 /* Gank */ = {
			isa = PBXGroup;
			children = (
				14BED2541C181FD300D1CA52 /* Base */,
				1455528F1C190FAE00857BF4 /* ViewController */,
				1455528E1C190F9E00857BF4 /* Model */,
				936B4EEC1C08B04900DDECA5 /* Main.storyboard */,
				14E573651C1EC3FD0088ED89 /* TopAlertView */,
			);
			path = Gank;
			sourceTree = "<group>";
		};
		936B4EFF1C08B04900DDECA5 /* GankTests */ = {
			isa = PBXGroup;
			children = (
				936B4F001C08B04900DDECA5 /* GankTests.swift */,
				936B4F021C08B04900DDECA5 /* Info.plist */,
			);
			path = GankTests;
			sourceTree = "<group>";
		};
		936B4F0A1C08B04900DDECA5 /* GankUITests */ = {
			isa = PBXGroup;
			children = (
				936B4F0B1C08B04900DDECA5 /* GankUITests.swift */,
				936B4F0D1C08B04900DDECA5 /* Info.plist */,
			);
			path = GankUITests;
			sourceTree = "<group>";
		};
		A00B6550C232E7B72562F369 /* Frameworks */ = {
			isa = PBXGroup;
			children = (
				5F194161E8CF98DFBA360C6F /* libPods.a */,
			);
			name = Frameworks;
			sourceTree = "<group>";
		};
		FADC678EC196CD41A45E867C /* Pods */ = {
			isa = PBXGroup;
			children = (
				2CCE6B94E647948905706A96 /* Pods.debug.xcconfig */,
				6702E809F240C92FD2BC0844 /* Pods.release.xcconfig */,
			);
			name = Pods;
			sourceTree = "<group>";
		};
/* End PBXGroup section */

/* Begin PBXNativeTarget section */
		936B4EE41C08B04900DDECA5 /* Gank */ = {
			isa = PBXNativeTarget;
			buildConfigurationList = 936B4F101C08B04900DDECA5 /* Build configuration list for PBXNativeTarget "Gank" */;
			buildPhases = (
				7F8D9B3DFEA163ABB75DBB3D /* Check Pods Manifest.lock */,
				936B4EE11C08B04900DDECA5 /* Sources */,
				936B4EE21C08B04900DDECA5 /* Frameworks */,
				936B4EE31C08B04900DDECA5 /* Resources */,
				FF9F73D4723FD3B9EDF1D701 /* Embed Pods Frameworks */,
				5C8F7A4A35AB2867810A7BC7 /* Copy Pods Resources */,
			);
			buildRules = (
			);
			dependencies = (
			);
			name = Gank;
			productName = Gank;
			productReference = 936B4EE51C08B04900DDECA5 /* Gank.app */;
			productType = "com.apple.product-type.application";
		};
		936B4EFB1C08B04900DDECA5 /* GankTests */ = {
			isa = PBXNativeTarget;
			buildConfigurationList = 936B4F131C08B04900DDECA5 /* Build configuration list for PBXNativeTarget "GankTests" */;
			buildPhases = (
				936B4EF81C08B04900DDECA5 /* Sources */,
				936B4EF91C08B04900DDECA5 /* Frameworks */,
				936B4EFA1C08B04900DDECA5 /* Resources */,
			);
			buildRules = (
			);
			dependencies = (
				936B4EFE1C08B04900DDECA5 /* PBXTargetDependency */,
			);
			name = GankTests;
			productName = GankTests;
			productReference = 936B4EFC1C08B04900DDECA5 /* GankTests.xctest */;
			productType = "com.apple.product-type.bundle.unit-test";
		};
		936B4F061C08B04900DDECA5 /* GankUITests */ = {
			isa = PBXNativeTarget;
			buildConfigurationList = 936B4F161C08B04900DDECA5 /* Build configuration list for PBXNativeTarget "GankUITests" */;
			buildPhases = (
				936B4F031C08B04900DDECA5 /* Sources */,
				936B4F041C08B04900DDECA5 /* Frameworks */,
				936B4F051C08B04900DDECA5 /* Resources */,
			);
			buildRules = (
			);
			dependencies = (
				936B4F091C08B04900DDECA5 /* PBXTargetDependency */,
			);
			name = GankUITests;
			productName = GankUITests;
			productReference = 936B4F071C08B04900DDECA5 /* GankUITests.xctest */;
			productType = "com.apple.product-type.bundle.ui-testing";
		};
/* End PBXNativeTarget section */

/* Begin PBXProject section */
		936B4EDD1C08B04900DDECA5 /* Project object */ = {
			isa = PBXProject;
			attributes = {
				LastSwiftUpdateCheck = 0710;
				LastUpgradeCheck = 0710;
				ORGANIZATIONNAME = GeekTeen;
				TargetAttributes = {
					936B4EE41C08B04900DDECA5 = {
						CreatedOnToolsVersion = 7.1.1;
					};
					936B4EFB1C08B04900DDECA5 = {
						CreatedOnToolsVersion = 7.1.1;
						TestTargetID = 936B4EE41C08B04900DDECA5;
					};
					936B4F061C08B04900DDECA5 = {
						CreatedOnToolsVersion = 7.1.1;
						TestTargetID = 936B4EE41C08B04900DDECA5;
					};
				};
			};
			buildConfigurationList = 936B4EE01C08B04900DDECA5 /* Build configuration list for PBXProject "Gank" */;
			compatibilityVersion = "Xcode 3.2";
			developmentRegion = English;
			hasScannedForEncodings = 0;
			knownRegions = (
				en,
				Base,
			);
			mainGroup = 936B4EDC1C08B04900DDECA5;
			productRefGroup = 936B4EE61C08B04900DDECA5 /* Products */;
			projectDirPath = "";
			projectRoot = "";
			targets = (
				936B4EE41C08B04900DDECA5 /* Gank */,
				936B4EFB1C08B04900DDECA5 /* GankTests */,
				936B4F061C08B04900DDECA5 /* GankUITests */,
			);
		};
/* End PBXProject section */

/* Begin PBXResourcesBuildPhase section */
		936B4EE31C08B04900DDECA5 /* Resources */ = {
			isa = PBXResourcesBuildPhase;
			buildActionMask = 2147483647;
			files = (
				936B4EF61C08B04900DDECA5 /* LaunchScreen.storyboard in Resources */,
				936B4EF31C08B04900DDECA5 /* Assets.xcassets in Resources */,
				936B4EEE1C08B04900DDECA5 /* Main.storyboard in Resources */,
				14E573711C1EC3FD0088ED89 /* FontAwesome.ttf in Resources */,
			);
			runOnlyForDeploymentPostprocessing = 0;
		};
		936B4EFA1C08B04900DDECA5 /* Resources */ = {
			isa = PBXResourcesBuildPhase;
			buildActionMask = 2147483647;
			files = (
			);
			runOnlyForDeploymentPostprocessing = 0;
		};
		936B4F051C08B04900DDECA5 /* Resources */ = {
			isa = PBXResourcesBuildPhase;
			buildActionMask = 2147483647;
			files = (
			);
			runOnlyForDeploymentPostprocessing = 0;
		};
/* End PBXResourcesBuildPhase section */

/* Begin PBXShellScriptBuildPhase section */
		5C8F7A4A35AB2867810A7BC7 /* Copy Pods Resources */ = {
			isa = PBXShellScriptBuildPhase;
			buildActionMask = 2147483647;
			files = (
			);
			inputPaths = (
			);
			name = "Copy Pods Resources";
			outputPaths = (
			);
			runOnlyForDeploymentPostprocessing = 0;
			shellPath = /bin/sh;
			shellScript = "\"${SRCROOT}/Pods/Target Support Files/Pods/Pods-resources.sh\"\n";
			showEnvVarsInLog = 0;
		};
		7F8D9B3DFEA163ABB75DBB3D /* Check Pods Manifest.lock */ = {
			isa = PBXShellScriptBuildPhase;
			buildActionMask = 2147483647;
			files = (
			);
			inputPaths = (
			);
			name = "Check Pods Manifest.lock";
			outputPaths = (
			);
			runOnlyForDeploymentPostprocessing = 0;
			shellPath = /bin/sh;
			shellScript = "diff \"${PODS_ROOT}/../Podfile.lock\" \"${PODS_ROOT}/Manifest.lock\" > /dev/null\nif [[ $? != 0 ]] ; then\n    cat << EOM\nerror: The sandbox is not in sync with the Podfile.lock. Run 'pod install' or update your CocoaPods installation.\nEOM\n    exit 1\nfi\n";
			showEnvVarsInLog = 0;
		};
		FF9F73D4723FD3B9EDF1D701 /* Embed Pods Frameworks */ = {
			isa = PBXShellScriptBuildPhase;
			buildActionMask = 2147483647;
			files = (
			);
			inputPaths = (
			);
			name = "Embed Pods Frameworks";
			outputPaths = (
			);
			runOnlyForDeploymentPostprocessing = 0;
			shellPath = /bin/sh;
			shellScript = "\"${SRCROOT}/Pods/Target Support Files/Pods/Pods-frameworks.sh\"\n";
			showEnvVarsInLog = 0;
		};
/* End PBXShellScriptBuildPhase section */

/* Begin PBXSourcesBuildPhase section */
		936B4EE11C08B04900DDECA5 /* Sources */ = {
			isa = PBXSourcesBuildPhase;
			buildActionMask = 2147483647;
			files = (
				9389A13E1C095440007B2A9D /* IOSViewController.swift in Sources */,
				14BED2571C18262F00D1CA52 /* WebViewController.swift in Sources */,
				147824A81C20F28B0026E1BE /* DatePickerViewController.swift in Sources */,
				14ECBADE1C1BF41200461BC5 /* IAViewController.swift in Sources */,
				936B4EF11C08B04900DDECA5 /* Gank.xcdatamodeld in Sources */,
				14E573741C1EC3FD0088ED89 /* MozTopAlertView.m in Sources */,
				14E573721C1EC3FD0088ED89 /* NSString+FontAwesome.m in Sources */,
				936B4EEB1C08B04900DDECA5 /* TodayViewController.swift in Sources */,
				930779AD1C095F1A00AD773A /* NewsItem.swift in Sources */,
				14BBDA9C1C1D986E0084FD35 /* TabViewController.swift in Sources */,
				14E573701C1EC3FD0088ED89 /* FAImageView.m in Sources */,
				936B4EE91C08B04900DDECA5 /* AppDelegate.swift in Sources */,
				14F7049F1C1B16E60021D464 /* AndroidViewController.swift in Sources */,
				14E573731C1EC3FD0088ED89 /* UIFont+FontAwesome.m in Sources */,
			);
			runOnlyForDeploymentPostprocessing = 0;
		};
		936B4EF81C08B04900DDECA5 /* Sources */ = {
			isa = PBXSourcesBuildPhase;
			buildActionMask = 2147483647;
			files = (
				936B4F011C08B04900DDECA5 /* GankTests.swift in Sources */,
			);
			runOnlyForDeploymentPostprocessing = 0;
		};
		936B4F031C08B04900DDECA5 /* Sources */ = {
			isa = PBXSourcesBuildPhase;
			buildActionMask = 2147483647;
			files = (
				936B4F0C1C08B04900DDECA5 /* GankUITests.swift in Sources */,
			);
			runOnlyForDeploymentPostprocessing = 0;
		};
/* End PBXSourcesBuildPhase section */

/* Begin PBXTargetDependency section */
		936B4EFE1C08B04900DDECA5 /* PBXTargetDependency */ = {
			isa = PBXTargetDependency;
			target = 936B4EE41C08B04900DDECA5 /* Gank */;
			targetProxy = 936B4EFD1C08B04900DDECA5 /* PBXContainerItemProxy */;
		};
		936B4F091C08B04900DDECA5 /* PBXTargetDependency */ = {
			isa = PBXTargetDependency;
			target = 936B4EE41C08B04900DDECA5 /* Gank */;
			targetProxy = 936B4F081C08B04900DDECA5 /* PBXContainerItemProxy */;
		};
/* End PBXTargetDependency section */

/* Begin PBXVariantGroup section */
		936B4EEC1C08B04900DDECA5 /* Main.storyboard */ = {
			isa = PBXVariantGroup;
			children = (
				936B4EED1C08B04900DDECA5 /* Base */,
			);
			name = Main.storyboard;
			sourceTree = "<group>";
		};
		936B4EF41C08B04900DDECA5 /* LaunchScreen.storyboard */ = {
			isa = PBXVariantGroup;
			children = (
				936B4EF51C08B04900DDECA5 /* Base */,
			);
			name = LaunchScreen.storyboard;
			sourceTree = "<group>";
		};
/* End PBXVariantGroup section */

/* Begin XCBuildConfiguration section */
		936B4F0E1C08B04900DDECA5 /* Debug */ = {
			isa = XCBuildConfiguration;
			buildSettings = {
				ALWAYS_SEARCH_USER_PATHS = NO;
				CLANG_CXX_LANGUAGE_STANDARD = "gnu++0x";
				CLANG_CXX_LIBRARY = "libc++";
				CLANG_ENABLE_MODULES = YES;
				CLANG_ENABLE_OBJC_ARC = YES;
				CLANG_WARN_BOOL_CONVERSION = YES;
				CLANG_WARN_CONSTANT_CONVERSION = YES;
				CLANG_WARN_DIRECT_OBJC_ISA_USAGE = YES_ERROR;
				CLANG_WARN_EMPTY_BODY = YES;
				CLANG_WARN_ENUM_CONVERSION = YES;
				CLANG_WARN_INT_CONVERSION = YES;
				CLANG_WARN_OBJC_ROOT_CLASS = YES_ERROR;
				CLANG_WARN_UNREACHABLE_CODE = YES;
				CLANG_WARN__DUPLICATE_METHOD_MATCH = YES;
				"CODE_SIGN_IDENTITY[sdk=iphoneos*]" = "iPhone Developer";
				COPY_PHASE_STRIP = NO;
				DEBUG_INFORMATION_FORMAT = dwarf;
				ENABLE_STRICT_OBJC_MSGSEND = YES;
				ENABLE_TESTABILITY = YES;
				GCC_C_LANGUAGE_STANDARD = gnu99;
				GCC_DYNAMIC_NO_PIC = NO;
				GCC_NO_COMMON_BLOCKS = YES;
				GCC_OPTIMIZATION_LEVEL = 0;
				GCC_PREPROCESSOR_DEFINITIONS = (
					"DEBUG=1",
					"$(inherited)",
				);
				GCC_WARN_64_TO_32_BIT_CONVERSION = YES;
				GCC_WARN_ABOUT_RETURN_TYPE = YES_ERROR;
				GCC_WARN_UNDECLARED_SELECTOR = YES;
				GCC_WARN_UNINITIALIZED_AUTOS = YES_AGGRESSIVE;
				GCC_WARN_UNUSED_FUNCTION = YES;
				GCC_WARN_UNUSED_VARIABLE = YES;
				IPHONEOS_DEPLOYMENT_TARGET = 9.1;
				MTL_ENABLE_DEBUG_INFO = YES;
				ONLY_ACTIVE_ARCH = YES;
				SDKROOT = iphoneos;
				SWIFT_OPTIMIZATION_LEVEL = "-Onone";
			};
			name = Debug;
		};
		936B4F0F1C08B04900DDECA5 /* Release */ = {
			isa = XCBuildConfiguration;
			buildSettings = {
				ALWAYS_SEARCH_USER_PATHS = NO;
				CLANG_CXX_LANGUAGE_STANDARD = "gnu++0x";
				CLANG_CXX_LIBRARY = "libc++";
				CLANG_ENABLE_MODULES = YES;
				CLANG_ENABLE_OBJC_ARC = YES;
				CLANG_WARN_BOOL_CONVERSION = YES;
				CLANG_WARN_CONSTANT_CONVERSION = YES;
				CLANG_WARN_DIRECT_OBJC_ISA_USAGE = YES_ERROR;
				CLANG_WARN_EMPTY_BODY = YES;
				CLANG_WARN_ENUM_CONVERSION = YES;
				CLANG_WARN_INT_CONVERSION = YES;
				CLANG_WARN_OBJC_ROOT_CLASS = YES_ERROR;
				CLANG_WARN_UNREACHABLE_CODE = YES;
				CLANG_WARN__DUPLICATE_METHOD_MATCH = YES;
				"CODE_SIGN_IDENTITY[sdk=iphoneos*]" = "iPhone Developer";
				COPY_PHASE_STRIP = NO;
				DEBUG_INFORMATION_FORMAT = "dwarf-with-dsym";
				ENABLE_NS_ASSERTIONS = NO;
				ENABLE_STRICT_OBJC_MSGSEND = YES;
				GCC_C_LANGUAGE_STANDARD = gnu99;
				GCC_NO_COMMON_BLOCKS = YES;
				GCC_WARN_64_TO_32_BIT_CONVERSION = YES;
				GCC_WARN_ABOUT_RETURN_TYPE = YES_ERROR;
				GCC_WARN_UNDECLARED_SELECTOR = YES;
				GCC_WARN_UNINITIALIZED_AUTOS = YES_AGGRESSIVE;
				GCC_WARN_UNUSED_FUNCTION = YES;
				GCC_WARN_UNUSED_VARIABLE = YES;
				IPHONEOS_DEPLOYMENT_TARGET = 9.1;
				MTL_ENABLE_DEBUG_INFO = NO;
				SDKROOT = iphoneos;
				VALIDATE_PRODUCT = YES;
			};
			name = Release;
		};
		936B4F111C08B04900DDECA5 /* Debug */ = {
			isa = XCBuildConfiguration;
			baseConfigurationReference = 2CCE6B94E647948905706A96 /* Pods.debug.xcconfig */;
			buildSettings = {
				ASSETCATALOG_COMPILER_APPICON_NAME = AppIcon;
				CLANG_ENABLE_MODULES = YES;
				INFOPLIST_FILE = Gank/Info.plist;
				IPHONEOS_DEPLOYMENT_TARGET = 8.0;
				LD_RUNPATH_SEARCH_PATHS = "$(inherited) @executable_path/Frameworks";
				PRODUCT_BUNDLE_IDENTIFIER = GeekTeen.Gank;
				PRODUCT_NAME = "$(TARGET_NAME)";
				SWIFT_OBJC_BRIDGING_HEADER = "Gank/Gank-Bridging-Header.h";
				SWIFT_OPTIMIZATION_LEVEL = "-Onone";
			};
			name = Debug;
		};
		936B4F121C08B04900DDECA5 /* Release */ = {
			isa = XCBuildConfiguration;
			baseConfigurationReference = 6702E809F240C92FD2BC0844 /* Pods.release.xcconfig */;
			buildSettings = {
				ASSETCATALOG_COMPILER_APPICON_NAME = AppIcon;
				CLANG_ENABLE_MODULES = YES;
				INFOPLIST_FILE = Gank/Info.plist;
				IPHONEOS_DEPLOYMENT_TARGET = 8.0;
				LD_RUNPATH_SEARCH_PATHS = "$(inherited) @executable_path/Frameworks";
				PRODUCT_BUNDLE_IDENTIFIER = GeekTeen.Gank;
				PRODUCT_NAME = "$(TARGET_NAME)";
				SWIFT_OBJC_BRIDGING_HEADER = "Gank/Gank-Bridging-Header.h";
			};
			name = Release;
		};
		936B4F141C08B04900DDECA5 /* Debug */ = {
			isa = XCBuildConfiguration;
			buildSettings = {
				BUNDLE_LOADER = "$(TEST_HOST)";
				INFOPLIST_FILE = GankTests/Info.plist;
				LD_RUNPATH_SEARCH_PATHS = "$(inherited) @executable_path/Frameworks @loader_path/Frameworks";
				PRODUCT_BUNDLE_IDENTIFIER = GeekTeen.GankTests;
				PRODUCT_NAME = "$(TARGET_NAME)";
				TEST_HOST = "$(BUILT_PRODUCTS_DIR)/Gank.app/Gank";
			};
			name = Debug;
		};
		936B4F151C08B04900DDECA5 /* Release */ = {
			isa = XCBuildConfiguration;
			buildSettings = {
				BUNDLE_LOADER = "$(TEST_HOST)";
				INFOPLIST_FILE = GankTests/Info.plist;
				LD_RUNPATH_SEARCH_PATHS = "$(inherited) @executable_path/Frameworks @loader_path/Frameworks";
				PRODUCT_BUNDLE_IDENTIFIER = GeekTeen.GankTests;
				PRODUCT_NAME = "$(TARGET_NAME)";
				TEST_HOST = "$(BUILT_PRODUCTS_DIR)/Gank.app/Gank";
			};
			name = Release;
		};
		936B4F171C08B04900DDECA5 /* Debug */ = {
			isa = XCBuildConfiguration;
			buildSettings = {
				INFOPLIST_FILE = GankUITests/Info.plist;
				LD_RUNPATH_SEARCH_PATHS = "$(inherited) @executable_path/Frameworks @loader_path/Frameworks";
				PRODUCT_BUNDLE_IDENTIFIER = GeekTeen.GankUITests;
				PRODUCT_NAME = "$(TARGET_NAME)";
				TEST_TARGET_NAME = Gank;
				USES_XCTRUNNER = YES;
			};
			name = Debug;
		};
		936B4F181C08B04900DDECA5 /* Release */ = {
			isa = XCBuildConfiguration;
			buildSettings = {
				INFOPLIST_FILE = GankUITests/Info.plist;
				LD_RUNPATH_SEARCH_PATHS = "$(inherited) @executable_path/Frameworks @loader_path/Frameworks";
				PRODUCT_BUNDLE_IDENTIFIER = GeekTeen.GankUITests;
				PRODUCT_NAME = "$(TARGET_NAME)";
				TEST_TARGET_NAME = Gank;
				USES_XCTRUNNER = YES;
			};
			name = Release;
		};
/* End XCBuildConfiguration section */

/* Begin XCConfigurationList section */
		936B4EE01C08B04900DDECA5 /* Build configuration list for PBXProject "Gank" */ = {
			isa = XCConfigurationList;
			buildConfigurations = (
				936B4F0E1C08B04900DDECA5 /* Debug */,
				936B4F0F1C08B04900DDECA5 /* Release */,
			);
			defaultConfigurationIsVisible = 0;
			defaultConfigurationName = Release;
		};
		936B4F101C08B04900DDECA5 /* Build configuration list for PBXNativeTarget "Gank" */ = {
			isa = XCConfigurationList;
			buildConfigurations = (
				936B4F111C08B04900DDECA5 /* Debug */,
				936B4F121C08B04900DDECA5 /* Release */,
			);
			defaultConfigurationIsVisible = 0;
			defaultConfigurationName = Release;
		};
		936B4F131C08B04900DDECA5 /* Build configuration list for PBXNativeTarget "GankTests" */ = {
			isa = XCConfigurationList;
			buildConfigurations = (
				936B4F141C08B04900DDECA5 /* Debug */,
				936B4F151C08B04900DDECA5 /* Release */,
			);
			defaultConfigurationIsVisible = 0;
			defaultConfigurationName = Release;
		};
		936B4F161C08B04900DDECA5 /* Build configuration list for PBXNativeTarget "GankUITests" */ = {
			isa = XCConfigurationList;
			buildConfigurations = (
				936B4F171C08B04900DDECA5 /* Debug */,
				936B4F181C08B04900DDECA5 /* Release */,
			);
			defaultConfigurationIsVisible = 0;
			defaultConfigurationName = Release;
		};
/* End XCConfigurationList section */

/* Begin XCVersionGroup section */
		936B4EEF1C08B04900DDECA5 /* Gank.xcdatamodeld */ = {
			isa = XCVersionGroup;
			children = (
				936B4EF01C08B04900DDECA5 /* Gank.xcdatamodel */,
			);
			currentVersion = 936B4EF01C08B04900DDECA5 /* Gank.xcdatamodel */;
			path = Gank.xcdatamodeld;
			sourceTree = "<group>";
			versionGroupType = wrapper.xcdatamodel;
		};
/* End XCVersionGroup section */
	};
	rootObject = 936B4EDD1C08B04900DDECA5 /* Project object */;
}
